
Microsoft Visual Studio Solution File, Format Version 12.00
# Visual Studio Version 17
VisualStudioVersion = 17.7.34221.43
MinimumVisualStudioVersion = 10.0.40219.1
Project("{FAE04EC0-301F-11D3-BF4B-00C04F79EFBC}") = "Dagbok slutv.", "..\Dagbok slutv\Dagbok slutv\Dagbok slutv..csproj", "{49E5A8B9-640B-4635-8372-2DF19EB21347}"
EndProject
Global
	GlobalSection(SolutionConfigurationPlatforms) = preSolution
		Debug|Any CPU = Debug|Any CPU
		Release|Any CPU = Release|Any CPU
	EndGlobalSection
	GlobalSection(ProjectConfigurationPlatforms) = postSolution
		{49E5A8B9-640B-4635-8372-2DF19EB21347}.Debug|Any CPU.ActiveCfg = Debug|Any CPU
		{49E5A8B9-640B-4635-8372-2DF19EB21347}.Debug|Any CPU.Build.0 = Debug|Any CPU
		{49E5A8B9-640B-4635-8372-2DF19EB21347}.Release|Any CPU.ActiveCfg = Release|Any CPU
		{49E5A8B9-640B-4635-8372-2DF19EB21347}.Release|Any CPU.Build.0 = Release|Any CPU
	EndGlobalSection
	GlobalSection(SolutionProperties) = preSolution
		HideSolutionNode = FALSE
	EndGlobalSection
	GlobalSection(ExtensibilityGlobals) = postSolution
		SolutionGuid = {C23655F5-AD12-4C05-BEAF-451FEA1957B9}
	EndGlobalSection
EndGlobal
